
Microsoft Visual Studio Solution File, Format Version 12.00
# Visual Studio Version 16
VisualStudioVersion = 16.0.31105.61
MinimumVisualStudioVersion = 10.0.40219.1
Project("{8BC9CEB8-8B4A-11D0-8D11-00A0C91BC942}") = "matrix_mul", "matrix_mul\matrix_mul.vcxproj", "{BB2C06C0-702F-4AFD-AF4A-41A3B2BC7757}"
EndProject
Global
	GlobalSection(SolutionConfigurationPlatforms) = preSolution
		Debug|x64 = Debug|x64
		Release|x64 = Release|x64
	EndGlobalSection
	GlobalSection(ProjectConfigurationPlatforms) = postSolution
		{BB2C06C0-702F-4AFD-AF4A-41A3B2BC7757}.Debug|x64.ActiveCfg = Debug|x64
		{BB2C06C0-702F-4AFD-AF4A-41A3B2BC7757}.Debug|x64.Build.0 = Debug|x64
		{BB2C06C0-702F-4AFD-AF4A-41A3B2BC7757}.Release|x64.ActiveCfg = Release|x64
		{BB2C06C0-702F-4AFD-AF4A-41A3B2BC7757}.Release|x64.Build.0 = Release|x64
	EndGlobalSection
	GlobalSection(SolutionProperties) = preSolution
		HideSolutionNode = FALSE
	EndGlobalSection
	GlobalSection(ExtensibilityGlobals) = postSolution
		SolutionGuid = {8D68C7A4-D54B-4810-892A-8B00941BD7D2}
	EndGlobalSection
EndGlobal
